
Microsoft Visual Studio Solution File, Format Version 12.00
# Visual Studio Version 17
VisualStudioVersion = 17.1.32421.90
MinimumVisualStudioVersion = 10.0.40219.1
Project("{FAE04EC0-301F-11D3-BF4B-00C04F79EFBC}") = "BitServicesWebApp", "BitServicesWebApp\BitServicesWebApp.csproj", "{174E639B-24F9-45AF-8B90-2361ABE36110}"
EndProject
Project("{FAE04EC0-301F-11D3-BF4B-00C04F79EFBC}") = "BitServicesDesktopApp", "BitServicesDesktopApp\BitServicesDesktopApp.csproj", "{C99F72EF-F1E8-4BAC-80F4-E65270A7E691}"
EndProject
Project("{FAE04EC0-301F-11D3-BF4B-00C04F79EFBC}") = "BitServicesTests", "BitServicesTests\BitServicesTests.csproj", "{70BE10EA-F2CF-4DD6-B7D3-DB11AFFBB389}"
EndProject
Global
	GlobalSection(SolutionConfigurationPlatforms) = preSolution
		Debug|Any CPU = Debug|Any CPU
		Release|Any CPU = Release|Any CPU
	EndGlobalSection
	GlobalSection(ProjectConfigurationPlatforms) = postSolution
		{174E639B-24F9-45AF-8B90-2361ABE36110}.Debug|Any CPU.ActiveCfg = Debug|Any CPU
		{174E639B-24F9-45AF-8B90-2361ABE36110}.Debug|Any CPU.Build.0 = Debug|Any CPU
		{174E639B-24F9-45AF-8B90-2361ABE36110}.Release|Any CPU.ActiveCfg = Release|Any CPU
		{174E639B-24F9-45AF-8B90-2361ABE36110}.Release|Any CPU.Build.0 = Release|Any CPU
		{C99F72EF-F1E8-4BAC-80F4-E65270A7E691}.Debug|Any CPU.ActiveCfg = Debug|Any CPU
		{C99F72EF-F1E8-4BAC-80F4-E65270A7E691}.Debug|Any CPU.Build.0 = Debug|Any CPU
		{C99F72EF-F1E8-4BAC-80F4-E65270A7E691}.Release|Any CPU.ActiveCfg = Release|Any CPU
		{C99F72EF-F1E8-4BAC-80F4-E65270A7E691}.Release|Any CPU.Build.0 = Release|Any CPU
		{70BE10EA-F2CF-4DD6-B7D3-DB11AFFBB389}.Debug|Any CPU.ActiveCfg = Debug|Any CPU
		{70BE10EA-F2CF-4DD6-B7D3-DB11AFFBB389}.Debug|Any CPU.Build.0 = Debug|Any CPU
		{70BE10EA-F2CF-4DD6-B7D3-DB11AFFBB389}.Release|Any CPU.ActiveCfg = Release|Any CPU
		{70BE10EA-F2CF-4DD6-B7D3-DB11AFFBB389}.Release|Any CPU.Build.0 = Release|Any CPU
	EndGlobalSection
	GlobalSection(SolutionProperties) = preSolution
		HideSolutionNode = FALSE
	EndGlobalSection
	GlobalSection(ExtensibilityGlobals) = postSolution
		SolutionGuid = {2A3D56D9-A479-4EBE-9801-DB03E8CE0FE5}
	EndGlobalSection
EndGlobal
